
Microsoft Visual Studio Solution File, Format Version 12.00
# Visual Studio Version 17
VisualStudioVersion = 17.10.34928.147
MinimumVisualStudioVersion = 10.0.40219.1
Project("{FAE04EC0-301F-11D3-BF4B-00C04F79EFBC}") = "Lab_9", "Lab_9.csproj", "{5E1EE2FD-A2BA-468C-88A8-4A5A358EB993}"
EndProject
Global
	GlobalSection(SolutionConfigurationPlatforms) = preSolution
		Debug|Any CPU = Debug|Any CPU
		Release|Any CPU = Release|Any CPU
	EndGlobalSection
	GlobalSection(ProjectConfigurationPlatforms) = postSolution
		{5E1EE2FD-A2BA-468C-88A8-4A5A358EB993}.Debug|Any CPU.ActiveCfg = Debug|Any CPU
		{5E1EE2FD-A2BA-468C-88A8-4A5A358EB993}.Debug|Any CPU.Build.0 = Debug|Any CPU
		{5E1EE2FD-A2BA-468C-88A8-4A5A358EB993}.Release|Any CPU.ActiveCfg = Release|Any CPU
		{5E1EE2FD-A2BA-468C-88A8-4A5A358EB993}.Release|Any CPU.Build.0 = Release|Any CPU
	EndGlobalSection
	GlobalSection(SolutionProperties) = preSolution
		HideSolutionNode = FALSE
	EndGlobalSection
	GlobalSection(ExtensibilityGlobals) = postSolution
		SolutionGuid = {560627A0-0819-457B-B60E-B2E388F756DE}
	EndGlobalSection
EndGlobal
